// !$*UTF8*$!
{
	archiveVersion = 1;
	classes = {
	};
	objectVersion = 56;
	objects = {

/* Begin PBXBuildFile section */
		60174C7B2C92522100ED5931 /* HiLoFlipApp.swift in Sources */ = {isa = PBXBuildFile; fileRef = 60174C7A2C92522100ED5931 /* HiLoFlipApp.swift */; };
		60174C7D2C92522100ED5931 /* ContentView.swift in Sources */ = {isa = PBXBuildFile; fileRef = 60174C7C2C92522100ED5931 /* ContentView.swift */; };
		60174C7F2C92522200ED5931 /* Assets.xcassets in Resources */ = {isa = PBXBuildFile; fileRef = 60174C7E2C92522200ED5931 /* Assets.xcassets */; };
		60174C822C92522200ED5931 /* Preview Assets.xcassets in Resources */ = {isa = PBXBuildFile; fileRef = 60174C812C92522200ED5931 /* Preview Assets.xcassets */; };
		602DC76D2CAB0458007AE3BF /* HiLoGame.swift in Sources */ = {isa = PBXBuildFile; fileRef = 602DC76C2CAB0458007AE3BF /* HiLoGame.swift */; };
		602DC7702CAB24B5007AE3BF /* HiLoFlipCardGame.swift in Sources */ = {isa = PBXBuildFile; fileRef = 602DC76F2CAB24B5007AE3BF /* HiLoFlipCardGame.swift */; };
		6097983F2CCB259900AA44AD /* SkipSymbol.swift in Sources */ = {isa = PBXBuildFile; fileRef = 6097983E2CCB259900AA44AD /* SkipSymbol.swift */; };
		609798412CCB2C2500AA44AD /* MustPlaySecondSymbol.swift in Sources */ = {isa = PBXBuildFile; fileRef = 609798402CCB2C2500AA44AD /* MustPlaySecondSymbol.swift */; };
		6097985D2CD0191700AA44AD /* TenPointSymbol.swift in Sources */ = {isa = PBXBuildFile; fileRef = 6097985C2CD0191700AA44AD /* TenPointSymbol.swift */; };
/* End PBXBuildFile section */

/* Begin PBXFileReference section */
		60174C772C92522100ED5931 /* HiLoFlip.app */ = {isa = PBXFileReference; explicitFileType = wrapper.application; includeInIndex = 0; path = HiLoFlip.app; sourceTree = BUILT_PRODUCTS_DIR; };
		60174C7A2C92522100ED5931 /* HiLoFlipApp.swift */ = {isa = PBXFileReference; lastKnownFileType = sourcecode.swift; path = HiLoFlipApp.swift; sourceTree = "<group>"; };
		60174C7C2C92522100ED5931 /* ContentView.swift */ = {isa = PBXFileReference; lastKnownFileType = sourcecode.swift; path = ContentView.swift; sourceTree = "<group>"; };
		60174C7E2C92522200ED5931 /* Assets.xcassets */ = {isa = PBXFileReference; lastKnownFileType = folder.assetcatalog; path = Assets.xcassets; sourceTree = "<group>"; };
		60174C812C92522200ED5931 /* Preview Assets.xcassets */ = {isa = PBXFileReference; lastKnownFileType = folder.assetcatalog; path = "Preview Assets.xcassets"; sourceTree = "<group>"; };
		602DC76C2CAB0458007AE3BF /* HiLoGame.swift */ = {isa = PBXFileReference; lastKnownFileType = sourcecode.swift; path = HiLoGame.swift; sourceTree = "<group>"; };
		602DC76F2CAB24B5007AE3BF /* HiLoFlipCardGame.swift */ = {isa = PBXFileReference; lastKnownFileType = sourcecode.swift; path = HiLoFlipCardGame.swift; sourceTree = "<group>"; };
		6097983E2CCB259900AA44AD /* SkipSymbol.swift */ = {isa = PBXFileReference; lastKnownFileType = sourcecode.swift; path = SkipSymbol.swift; sourceTree = "<group>"; };
		609798402CCB2C2500AA44AD /* MustPlaySecondSymbol.swift */ = {isa = PBXFileReference; lastKnownFileType = sourcecode.swift; path = MustPlaySecondSymbol.swift; sourceTree = "<group>"; };
		6097985C2CD0191700AA44AD /* TenPointSymbol.swift */ = {isa = PBXFileReference; lastKnownFileType = sourcecode.swift; path = TenPointSymbol.swift; sourceTree = "<group>"; };
/* End PBXFileReference section */

/* Begin PBXFrameworksBuildPhase section */
		60174C742C92522100ED5931 /* Frameworks */ = {
			isa = PBXFrameworksBuildPhase;
			buildActionMask = 2147483647;
			files = (
			);
			runOnlyForDeploymentPostprocessing = 0;
		};
/* End PBXFrameworksBuildPhase section */

/* Begin PBXGroup section */
		60174C6E2C92522100ED5931 = {
			isa = PBXGroup;
			children = (
				60174C792C92522100ED5931 /* HiLoFlip */,
				60174C782C92522100ED5931 /* Products */,
			);
			sourceTree = "<group>";
		};
		60174C782C92522100ED5931 /* Products */ = {
			isa = PBXGroup;
			children = (
				60174C772C92522100ED5931 /* HiLoFlip.app */,
			);
			name = Products;
			sourceTree = "<group>";
		};
		60174C792C92522100ED5931 /* HiLoFlip */ = {
			isa = PBXGroup;
			children = (
				6097983D2CCB257D00AA44AD /* Views */,
				602DC76E2CAB2446007AE3BF /* ViewModels */,
				602DC76B2CAB042F007AE3BF /* Models */,
				60174C7A2C92522100ED5931 /* HiLoFlipApp.swift */,
				60174C7C2C92522100ED5931 /* ContentView.swift */,
				60174C7E2C92522200ED5931 /* Assets.xcassets */,
				60174C802C92522200ED5931 /* Preview Content */,
			);
			path = HiLoFlip;
			sourceTree = "<group>";
		};
		60174C802C92522200ED5931 /* Preview Content */ = {
			isa = PBXGroup;
			children = (
				60174C812C92522200ED5931 /* Preview Assets.xcassets */,
			);
			path = "Preview Content";
			sourceTree = "<group>";
		};
		602DC76B2CAB042F007AE3BF /* Models */ = {
			isa = PBXGroup;
			children = (
				602DC76C2CAB0458007AE3BF /* HiLoGame.swift */,
			);
			path = Models;
			sourceTree = "<group>";
		};
		602DC76E2CAB2446007AE3BF /* ViewModels */ = {
			isa = PBXGroup;
			children = (
				602DC76F2CAB24B5007AE3BF /* HiLoFlipCardGame.swift */,
			);
			path = ViewModels;
			sourceTree = "<group>";
		};
		6097983D2CCB257D00AA44AD /* Views */ = {
			isa = PBXGroup;
			children = (
				6097983E2CCB259900AA44AD /* SkipSymbol.swift */,
				609798402CCB2C2500AA44AD /* MustPlaySecondSymbol.swift */,
				6097985C2CD0191700AA44AD /* TenPointSymbol.swift */,
			);
			path = Views;
			sourceTree = "<group>";
		};
/* End PBXGroup section */

/* Begin PBXNativeTarget section */
		60174C762C92522100ED5931 /* HiLoFlip */ = {
			isa = PBXNativeTarget;
			buildConfigurationList = 60174C852C92522200ED5931 /* Build configuration list for PBXNativeTarget "HiLoFlip" */;
			buildPhases = (
				60174C732C92522100ED5931 /* Sources */,
				60174C742C92522100ED5931 /* Frameworks */,
				60174C752C92522100ED5931 /* Resources */,
			);
			buildRules = (
			);
			dependencies = (
			);
			name = HiLoFlip;
			productName = HiLoFlip;
			productReference = 60174C772C92522100ED5931 /* HiLoFlip.app */;
			productType = "com.apple.product-type.application";
		};
/* End PBXNativeTarget section */

/* Begin PBXProject section */
		60174C6F2C92522100ED5931 /* Project object */ = {
			isa = PBXProject;
			attributes = {
				BuildIndependentTargetsInParallel = 1;
				LastSwiftUpdateCheck = 1530;
				LastUpgradeCheck = 1530;
				TargetAttributes = {
					60174C762C92522100ED5931 = {
						CreatedOnToolsVersion = 15.3;
					};
				};
			};
			buildConfigurationList = 60174C722C92522100ED5931 /* Build configuration list for PBXProject "HiLoFlip" */;
			compatibilityVersion = "Xcode 14.0";
			developmentRegion = en;
			hasScannedForEncodings = 0;
			knownRegions = (
				en,
				Base,
			);
			mainGroup = 60174C6E2C92522100ED5931;
			productRefGroup = 60174C782C92522100ED5931 /* Products */;
			projectDirPath = "";
			projectRoot = "";
			targets = (
				60174C762C92522100ED5931 /* HiLoFlip */,
			);
		};
/* End PBXProject section */

/* Begin PBXResourcesBuildPhase section */
		60174C752C92522100ED5931 /* Resources */ = {
			isa = PBXResourcesBuildPhase;
			buildActionMask = 2147483647;
			files = (
				60174C822C92522200ED5931 /* Preview Assets.xcassets in Resources */,
				60174C7F2C92522200ED5931 /* Assets.xcassets in Resources */,
			);
			runOnlyForDeploymentPostprocessing = 0;
		};
/* End PBXResourcesBuildPhase section */

/* Begin PBXSourcesBuildPhase section */
		60174C732C92522100ED5931 /* Sources */ = {
			isa = PBXSourcesBuildPhase;
			buildActionMask = 2147483647;
			files = (
				6097985D2CD0191700AA44AD /* TenPointSymbol.swift in Sources */,
				602DC7702CAB24B5007AE3BF /* HiLoFlipCardGame.swift in Sources */,
				602DC76D2CAB0458007AE3BF /* HiLoGame.swift in Sources */,
				609798412CCB2C2500AA44AD /* MustPlaySecondSymbol.swift in Sources */,
				60174C7D2C92522100ED5931 /* ContentView.swift in Sources */,
				6097983F2CCB259900AA44AD /* SkipSymbol.swift in Sources */,
				60174C7B2C92522100ED5931 /* HiLoFlipApp.swift in Sources */,
			);
			runOnlyForDeploymentPostprocessing = 0;
		};
/* End PBXSourcesBuildPhase section */

/* Begin XCBuildConfiguration section */
		60174C832C92522200ED5931 /* Debug */ = {
			isa = XCBuildConfiguration;
			buildSettings = {
				ALWAYS_SEARCH_USER_PATHS = NO;
				ASSETCATALOG_COMPILER_GENERATE_SWIFT_ASSET_SYMBOL_EXTENSIONS = YES;
				CLANG_ANALYZER_NONNULL = YES;
				CLANG_ANALYZER_NUMBER_OBJECT_CONVERSION = YES_AGGRESSIVE;
				CLANG_CXX_LANGUAGE_STANDARD = "gnu++20";
				CLANG_ENABLE_MODULES = YES;
				CLANG_ENABLE_OBJC_ARC = YES;
				CLANG_ENABLE_OBJC_WEAK = YES;
				CLANG_WARN_BLOCK_CAPTURE_AUTORELEASING = YES;
				CLANG_WARN_BOOL_CONVERSION = YES;
				CLANG_WARN_COMMA = YES;
				CLANG_WARN_CONSTANT_CONVERSION = YES;
				CLANG_WARN_DEPRECATED_OBJC_IMPLEMENTATIONS = YES;
				CLANG_WARN_DIRECT_OBJC_ISA_USAGE = YES_ERROR;
				CLANG_WARN_DOCUMENTATION_COMMENTS = YES;
				CLANG_WARN_EMPTY_BODY = YES;
				CLANG_WARN_ENUM_CONVERSION = YES;
				CLANG_WARN_INFINITE_RECURSION = YES;
				CLANG_WARN_INT_CONVERSION = YES;
				CLANG_WARN_NON_LITERAL_NULL_CONVERSION = YES;
				CLANG_WARN_OBJC_IMPLICIT_RETAIN_SELF = YES;
				CLANG_WARN_OBJC_LITERAL_CONVERSION = YES;
				CLANG_WARN_OBJC_ROOT_CLASS = YES_ERROR;
				CLANG_WARN_QUOTED_INCLUDE_IN_FRAMEWORK_HEADER = YES;
				CLANG_WARN_RANGE_LOOP_ANALYSIS = YES;
				CLANG_WARN_STRICT_PROTOTYPES = YES;
				CLANG_WARN_SUSPICIOUS_MOVE = YES;
				CLANG_WARN_UNGUARDED_AVAILABILITY = YES_AGGRESSIVE;
				CLANG_WARN_UNREACHABLE_CODE = YES;
				CLANG_WARN__DUPLICATE_METHOD_MATCH = YES;
				COPY_PHASE_STRIP = NO;
				DEBUG_INFORMATION_FORMAT = dwarf;
				ENABLE_STRICT_OBJC_MSGSEND = YES;
				ENABLE_TESTABILITY = YES;
				ENABLE_USER_SCRIPT_SANDBOXING = YES;
				GCC_C_LANGUAGE_STANDARD = gnu17;
				GCC_DYNAMIC_NO_PIC = NO;
				GCC_NO_COMMON_BLOCKS = YES;
				GCC_OPTIMIZATION_LEVEL = 0;
				GCC_PREPROCESSOR_DEFINITIONS = (
					"DEBUG=1",
					"$(inherited)",
				);
				GCC_WARN_64_TO_32_BIT_CONVERSION = YES;
				GCC_WARN_ABOUT_RETURN_TYPE = YES_ERROR;
				GCC_WARN_UNDECLARED_SELECTOR = YES;
				GCC_WARN_UNINITIALIZED_AUTOS = YES_AGGRESSIVE;
				GCC_WARN_UNUSED_FUNCTION = YES;
				GCC_WARN_UNUSED_VARIABLE = YES;
				IPHONEOS_DEPLOYMENT_TARGET = 17.4;
				LOCALIZATION_PREFERS_STRING_CATALOGS = YES;
				MTL_ENABLE_DEBUG_INFO = INCLUDE_SOURCE;
				MTL_FAST_MATH = YES;
				ONLY_ACTIVE_ARCH = YES;
				SDKROOT = iphoneos;
				SWIFT_ACTIVE_COMPILATION_CONDITIONS = "DEBUG $(inherited)";
				SWIFT_OPTIMIZATION_LEVEL = "-Onone";
			};
			name = Debug;
		};
		60174C842C92522200ED5931 /* Release */ = {
			isa = XCBuildConfiguration;
			buildSettings = {
				ALWAYS_SEARCH_USER_PATHS = NO;
				ASSETCATALOG_COMPILER_GENERATE_SWIFT_ASSET_SYMBOL_EXTENSIONS = YES;
				CLANG_ANALYZER_NONNULL = YES;
				CLANG_ANALYZER_NUMBER_OBJECT_CONVERSION = YES_AGGRESSIVE;
				CLANG_CXX_LANGUAGE_STANDARD = "gnu++20";
				CLANG_ENABLE_MODULES = YES;
				CLANG_ENABLE_OBJC_ARC = YES;
				CLANG_ENABLE_OBJC_WEAK = YES;
				CLANG_WARN_BLOCK_CAPTURE_AUTORELEASING = YES;
				CLANG_WARN_BOOL_CONVERSION = YES;
				CLANG_WARN_COMMA = YES;
				CLANG_WARN_CONSTANT_CONVERSION = YES;
				CLANG_WARN_DEPRECATED_OBJC_IMPLEMENTATIONS = YES;
				CLANG_WARN_DIRECT_OBJC_ISA_USAGE = YES_ERROR;
				CLANG_WARN_DOCUMENTATION_COMMENTS = YES;
				CLANG_WARN_EMPTY_BODY = YES;
				CLANG_WARN_ENUM_CONVERSION = YES;
				CLANG_WARN_INFINITE_RECURSION = YES;
				CLANG_WARN_INT_CONVERSION = YES;
				CLANG_WARN_NON_LITERAL_NULL_CONVERSION = YES;
				CLANG_WARN_OBJC_IMPLICIT_RETAIN_SELF = YES;
				CLANG_WARN_OBJC_LITERAL_CONVERSION = YES;
				CLANG_WARN_OBJC_ROOT_CLASS = YES_ERROR;
				CLANG_WARN_QUOTED_INCLUDE_IN_FRAMEWORK_HEADER = YES;
				CLANG_WARN_RANGE_LOOP_ANALYSIS = YES;
				CLANG_WARN_STRICT_PROTOTYPES = YES;
				CLANG_WARN_SUSPICIOUS_MOVE = YES;
				CLANG_WARN_UNGUARDED_AVAILABILITY = YES_AGGRESSIVE;
				CLANG_WARN_UNREACHABLE_CODE = YES;
				CLANG_WARN__DUPLICATE_METHOD_MATCH = YES;
				COPY_PHASE_STRIP = NO;
				DEBUG_INFORMATION_FORMAT = "dwarf-with-dsym";
				ENABLE_NS_ASSERTIONS = NO;
				ENABLE_STRICT_OBJC_MSGSEND = YES;
				ENABLE_USER_SCRIPT_SANDBOXING = YES;
				GCC_C_LANGUAGE_STANDARD = gnu17;
				GCC_NO_COMMON_BLOCKS = YES;
				GCC_WARN_64_TO_32_BIT_CONVERSION = YES;
				GCC_WARN_ABOUT_RETURN_TYPE = YES_ERROR;
				GCC_WARN_UNDECLARED_SELECTOR = YES;
				GCC_WARN_UNINITIALIZED_AUTOS = YES_AGGRESSIVE;
				GCC_WARN_UNUSED_FUNCTION = YES;
				GCC_WARN_UNUSED_VARIABLE = YES;
				IPHONEOS_DEPLOYMENT_TARGET = 17.4;
				LOCALIZATION_PREFERS_STRING_CATALOGS = YES;
				MTL_ENABLE_DEBUG_INFO = NO;
				MTL_FAST_MATH = YES;
				SDKROOT = iphoneos;
				SWIFT_COMPILATION_MODE = wholemodule;
				VALIDATE_PRODUCT = YES;
			};
			name = Release;
		};
		60174C862C92522200ED5931 /* Debug */ = {
			isa = XCBuildConfiguration;
			buildSettings = {
				ASSETCATALOG_COMPILER_APPICON_NAME = AppIcon;
				ASSETCATALOG_COMPILER_GLOBAL_ACCENT_COLOR_NAME = AccentColor;
				CODE_SIGN_STYLE = Automatic;
				CURRENT_PROJECT_VERSION = 1;
				DEVELOPMENT_ASSET_PATHS = "\"HiLoFlip/Preview Content\"";
				DEVELOPMENT_TEAM = 75N76CDRJ2;
				ENABLE_PREVIEWS = YES;
				GENERATE_INFOPLIST_FILE = YES;
				INFOPLIST_KEY_UIApplicationSceneManifest_Generation = YES;
				INFOPLIST_KEY_UIApplicationSupportsIndirectInputEvents = YES;
				INFOPLIST_KEY_UILaunchScreen_Generation = YES;
				INFOPLIST_KEY_UISupportedInterfaceOrientations_iPad = "UIInterfaceOrientationPortrait UIInterfaceOrientationPortraitUpsideDown UIInterfaceOrientationLandscapeLeft UIInterfaceOrientationLandscapeRight";
				INFOPLIST_KEY_UISupportedInterfaceOrientations_iPhone = "UIInterfaceOrientationPortrait UIInterfaceOrientationLandscapeLeft UIInterfaceOrientationLandscapeRight";
				LD_RUNPATH_SEARCH_PATHS = (
					"$(inherited)",
					"@executable_path/Frameworks",
				);
				MARKETING_VERSION = 1.0;
				PRODUCT_BUNDLE_IDENTIFIER = edu.cedarville.itm3300.joelward.HiLoFlip;
				PRODUCT_NAME = "$(TARGET_NAME)";
				SWIFT_EMIT_LOC_STRINGS = YES;
				SWIFT_VERSION = 5.0;
				TARGETED_DEVICE_FAMILY = "1,2";
			};
			name = Debug;
		};
		60174C872C92522200ED5931 /* Release */ = {
			isa = XCBuildConfiguration;
			buildSettings = {
				ASSETCATALOG_COMPILER_APPICON_NAME = AppIcon;
				ASSETCATALOG_COMPILER_GLOBAL_ACCENT_COLOR_NAME = AccentColor;
				CODE_SIGN_STYLE = Automatic;
				CURRENT_PROJECT_VERSION = 1;
				DEVELOPMENT_ASSET_PATHS = "\"HiLoFlip/Preview Content\"";
				DEVELOPMENT_TEAM = 75N76CDRJ2;
				ENABLE_PREVIEWS = YES;
				GENERATE_INFOPLIST_FILE = YES;
				INFOPLIST_KEY_UIApplicationSceneManifest_Generation = YES;
				INFOPLIST_KEY_UIApplicationSupportsIndirectInputEvents = YES;
				INFOPLIST_KEY_UILaunchScreen_Generation = YES;
				INFOPLIST_KEY_UISupportedInterfaceOrientations_iPad = "UIInterfaceOrientationPortrait UIInterfaceOrientationPortraitUpsideDown UIInterfaceOrientationLandscapeLeft UIInterfaceOrientationLandscapeRight";
				INFOPLIST_KEY_UISupportedInterfaceOrientations_iPhone = "UIInterfaceOrientationPortrait UIInterfaceOrientationLandscapeLeft UIInterfaceOrientationLandscapeRight";
				LD_RUNPATH_SEARCH_PATHS = (
					"$(inherited)",
					"@executable_path/Frameworks",
				);
				MARKETING_VERSION = 1.0;
				PRODUCT_BUNDLE_IDENTIFIER = edu.cedarville.itm3300.joelward.HiLoFlip;
				PRODUCT_NAME = "$(TARGET_NAME)";
				SWIFT_EMIT_LOC_STRINGS = YES;
				SWIFT_VERSION = 5.0;
				TARGETED_DEVICE_FAMILY = "1,2";
			};
			name = Release;
		};
/* End XCBuildConfiguration section */

/* Begin XCConfigurationList section */
		60174C722C92522100ED5931 /* Build configuration list for PBXProject "HiLoFlip" */ = {
			isa = XCConfigurationList;
			buildConfigurations = (
				60174C832C92522200ED5931 /* Debug */,
				60174C842C92522200ED5931 /* Release */,
			);
			defaultConfigurationIsVisible = 0;
			defaultConfigurationName = Release;
		};
		60174C852C92522200ED5931 /* Build configuration list for PBXNativeTarget "HiLoFlip" */ = {
			isa = XCConfigurationList;
			buildConfigurations = (
				60174C862C92522200ED5931 /* Debug */,
				60174C872C92522200ED5931 /* Release */,
			);
			defaultConfigurationIsVisible = 0;
			defaultConfigurationName = Release;
		};
/* End XCConfigurationList section */
	};
	rootObject = 60174C6F2C92522100ED5931 /* Project object */;
}
